// !$*UTF8*$!
{
	archiveVersion = 1;
	classes = {
	};
	objectVersion = 56;
	objects = {

/* Begin PBXBuildFile section */
		F707ABD52B1CEA58007933AD /* ThemeView.swift in Sources */ = {isa = PBXBuildFile; fileRef = F707ABD42B1CEA58007933AD /* ThemeView.swift */; };
		F707ABD72B1CEBE6007933AD /* ThemePicker.swift in Sources */ = {isa = PBXBuildFile; fileRef = F707ABD62B1CEBE6007933AD /* ThemePicker.swift */; };
		F707ABD92B1CFAE3007933AD /* MeetingHeaderView.swift in Sources */ = {isa = PBXBuildFile; fileRef = F707ABD82B1CFAE3007933AD /* MeetingHeaderView.swift */; };
		F707ABDB2B1CFF9D007933AD /* ScrumProgressViewStyle.swift in Sources */ = {isa = PBXBuildFile; fileRef = F707ABDA2B1CFF9D007933AD /* ScrumProgressViewStyle.swift */; };
		F707ABDD2B1D0090007933AD /* ScrumTimer.swift in Sources */ = {isa = PBXBuildFile; fileRef = F707ABDC2B1D0090007933AD /* ScrumTimer.swift */; };
		F707ABDF2B1D0202007933AD /* MeetingFooterView.swift in Sources */ = {isa = PBXBuildFile; fileRef = F707ABDE2B1D0202007933AD /* MeetingFooterView.swift */; };
		F707ABE12B1D0446007933AD /* AVPlayer+Ding.swift in Sources */ = {isa = PBXBuildFile; fileRef = F707ABE02B1D0446007933AD /* AVPlayer+Ding.swift */; };
		F707ABE42B1D0457007933AD /* ding.wav in Resources */ = {isa = PBXBuildFile; fileRef = F707ABE32B1D0457007933AD /* ding.wav */; };
		F7F04C802B1A443500438B89 /* ScrumdingerApp.swift in Sources */ = {isa = PBXBuildFile; fileRef = F7F04C7F2B1A443500438B89 /* ScrumdingerApp.swift */; };
		F7F04C822B1A443500438B89 /* MeetingView.swift in Sources */ = {isa = PBXBuildFile; fileRef = F7F04C812B1A443500438B89 /* MeetingView.swift */; };
		F7F04C842B1A443500438B89 /* Assets.xcassets in Resources */ = {isa = PBXBuildFile; fileRef = F7F04C832B1A443500438B89 /* Assets.xcassets */; };
		F7F04C872B1A443500438B89 /* Preview Assets.xcassets in Resources */ = {isa = PBXBuildFile; fileRef = F7F04C862B1A443500438B89 /* Preview Assets.xcassets */; };
		F7F04C912B1A443500438B89 /* ScrumdingerTests.swift in Sources */ = {isa = PBXBuildFile; fileRef = F7F04C902B1A443500438B89 /* ScrumdingerTests.swift */; };
		F7F04C9B2B1A443500438B89 /* ScrumdingerUITests.swift in Sources */ = {isa = PBXBuildFile; fileRef = F7F04C9A2B1A443500438B89 /* ScrumdingerUITests.swift */; };
		F7F04C9D2B1A443500438B89 /* ScrumdingerUITestsLaunchTests.swift in Sources */ = {isa = PBXBuildFile; fileRef = F7F04C9C2B1A443500438B89 /* ScrumdingerUITestsLaunchTests.swift */; };
		F7F04CAB2B1A48B100438B89 /* Theme.swift in Sources */ = {isa = PBXBuildFile; fileRef = F7F04CAA2B1A48B100438B89 /* Theme.swift */; };
		F7F04CAD2B1A4AC800438B89 /* DailyScrum.swift in Sources */ = {isa = PBXBuildFile; fileRef = F7F04CAC2B1A4AC800438B89 /* DailyScrum.swift */; };
		F7F04CAF2B1A4BA000438B89 /* CardView.swift in Sources */ = {isa = PBXBuildFile; fileRef = F7F04CAE2B1A4BA000438B89 /* CardView.swift */; };
		F7F04CB12B1A517300438B89 /* TrailingIconLabelStyle.swift in Sources */ = {isa = PBXBuildFile; fileRef = F7F04CB02B1A517300438B89 /* TrailingIconLabelStyle.swift */; };
		F7F04CB32B1A52E300438B89 /* ScrumsView.swift in Sources */ = {isa = PBXBuildFile; fileRef = F7F04CB22B1A52E300438B89 /* ScrumsView.swift */; };
		F7F04CB52B1A572B00438B89 /* DetailView.swift in Sources */ = {isa = PBXBuildFile; fileRef = F7F04CB42B1A572B00438B89 /* DetailView.swift */; };
		F7F04CB72B1A5DB000438B89 /* DetailEditView.swift in Sources */ = {isa = PBXBuildFile; fileRef = F7F04CB62B1A5DB000438B89 /* DetailEditView.swift */; };
/* End PBXBuildFile section */

/* Begin PBXContainerItemProxy section */
		F7F04C8D2B1A443500438B89 /* PBXContainerItemProxy */ = {
			isa = PBXContainerItemProxy;
			containerPortal = F7F04C742B1A443500438B89 /* Project object */;
			proxyType = 1;
			remoteGlobalIDString = F7F04C7B2B1A443500438B89;
			remoteInfo = Scrumdinger;
		};
		F7F04C972B1A443500438B89 /* PBXContainerItemProxy */ = {
			isa = PBXContainerItemProxy;
			containerPortal = F7F04C742B1A443500438B89 /* Project object */;
			proxyType = 1;
			remoteGlobalIDString = F7F04C7B2B1A443500438B89;
			remoteInfo = Scrumdinger;
		};
/* End PBXContainerItemProxy section */

/* Begin PBXFileReference section */
		F707ABD42B1CEA58007933AD /* ThemeView.swift */ = {isa = PBXFileReference; lastKnownFileType = sourcecode.swift; path = ThemeView.swift; sourceTree = "<group>"; };
		F707ABD62B1CEBE6007933AD /* ThemePicker.swift */ = {isa = PBXFileReference; lastKnownFileType = sourcecode.swift; path = ThemePicker.swift; sourceTree = "<group>"; };
		F707ABD82B1CFAE3007933AD /* MeetingHeaderView.swift */ = {isa = PBXFileReference; lastKnownFileType = sourcecode.swift; path = MeetingHeaderView.swift; sourceTree = "<group>"; };
		F707ABDA2B1CFF9D007933AD /* ScrumProgressViewStyle.swift */ = {isa = PBXFileReference; fileEncoding = 4; lastKnownFileType = sourcecode.swift; path = ScrumProgressViewStyle.swift; sourceTree = "<group>"; };
		F707ABDC2B1D0090007933AD /* ScrumTimer.swift */ = {isa = PBXFileReference; fileEncoding = 4; lastKnownFileType = sourcecode.swift; path = ScrumTimer.swift; sourceTree = "<group>"; };
		F707ABDE2B1D0202007933AD /* MeetingFooterView.swift */ = {isa = PBXFileReference; lastKnownFileType = sourcecode.swift; path = MeetingFooterView.swift; sourceTree = "<group>"; };
		F707ABE02B1D0446007933AD /* AVPlayer+Ding.swift */ = {isa = PBXFileReference; fileEncoding = 4; lastKnownFileType = sourcecode.swift; path = "AVPlayer+Ding.swift"; sourceTree = "<group>"; };
		F707ABE32B1D0457007933AD /* ding.wav */ = {isa = PBXFileReference; lastKnownFileType = audio.wav; path = ding.wav; sourceTree = "<group>"; };
		F7F04C7C2B1A443500438B89 /* Scrumdinger.app */ = {isa = PBXFileReference; explicitFileType = wrapper.application; includeInIndex = 0; path = Scrumdinger.app; sourceTree = BUILT_PRODUCTS_DIR; };
		F7F04C7F2B1A443500438B89 /* ScrumdingerApp.swift */ = {isa = PBXFileReference; lastKnownFileType = sourcecode.swift; path = ScrumdingerApp.swift; sourceTree = "<group>"; };
		F7F04C812B1A443500438B89 /* MeetingView.swift */ = {isa = PBXFileReference; lastKnownFileType = sourcecode.swift; path = MeetingView.swift; sourceTree = "<group>"; };
		F7F04C832B1A443500438B89 /* Assets.xcassets */ = {isa = PBXFileReference; lastKnownFileType = folder.assetcatalog; path = Assets.xcassets; sourceTree = "<group>"; };
		F7F04C862B1A443500438B89 /* Preview Assets.xcassets */ = {isa = PBXFileReference; lastKnownFileType = folder.assetcatalog; path = "Preview Assets.xcassets"; sourceTree = "<group>"; };
		F7F04C8C2B1A443500438B89 /* ScrumdingerTests.xctest */ = {isa = PBXFileReference; explicitFileType = wrapper.cfbundle; includeInIndex = 0; path = ScrumdingerTests.xctest; sourceTree = BUILT_PRODUCTS_DIR; };
		F7F04C902B1A443500438B89 /* ScrumdingerTests.swift */ = {isa = PBXFileReference; lastKnownFileType = sourcecode.swift; path = ScrumdingerTests.swift; sourceTree = "<group>"; };
		F7F04C962B1A443500438B89 /* ScrumdingerUITests.xctest */ = {isa = PBXFileReference; explicitFileType = wrapper.cfbundle; includeInIndex = 0; path = ScrumdingerUITests.xctest; sourceTree = BUILT_PRODUCTS_DIR; };
		F7F04C9A2B1A443500438B89 /* ScrumdingerUITests.swift */ = {isa = PBXFileReference; lastKnownFileType = sourcecode.swift; path = ScrumdingerUITests.swift; sourceTree = "<group>"; };
		F7F04C9C2B1A443500438B89 /* ScrumdingerUITestsLaunchTests.swift */ = {isa = PBXFileReference; lastKnownFileType = sourcecode.swift; path = ScrumdingerUITestsLaunchTests.swift; sourceTree = "<group>"; };
		F7F04CAA2B1A48B100438B89 /* Theme.swift */ = {isa = PBXFileReference; lastKnownFileType = sourcecode.swift; path = Theme.swift; sourceTree = "<group>"; };
		F7F04CAC2B1A4AC800438B89 /* DailyScrum.swift */ = {isa = PBXFileReference; lastKnownFileType = sourcecode.swift; path = DailyScrum.swift; sourceTree = "<group>"; };
		F7F04CAE2B1A4BA000438B89 /* CardView.swift */ = {isa = PBXFileReference; lastKnownFileType = sourcecode.swift; path = CardView.swift; sourceTree = "<group>"; };
		F7F04CB02B1A517300438B89 /* TrailingIconLabelStyle.swift */ = {isa = PBXFileReference; lastKnownFileType = sourcecode.swift; path = TrailingIconLabelStyle.swift; sourceTree = "<group>"; };
		F7F04CB22B1A52E300438B89 /* ScrumsView.swift */ = {isa = PBXFileReference; lastKnownFileType = sourcecode.swift; path = ScrumsView.swift; sourceTree = "<group>"; };
		F7F04CB42B1A572B00438B89 /* DetailView.swift */ = {isa = PBXFileReference; lastKnownFileType = sourcecode.swift; path = DetailView.swift; sourceTree = "<group>"; };
		F7F04CB62B1A5DB000438B89 /* DetailEditView.swift */ = {isa = PBXFileReference; lastKnownFileType = sourcecode.swift; path = DetailEditView.swift; sourceTree = "<group>"; };
/* End PBXFileReference section */

/* Begin PBXFrameworksBuildPhase section */
		F7F04C792B1A443500438B89 /* Frameworks */ = {
			isa = PBXFrameworksBuildPhase;
			buildActionMask = 2147483647;
			files = (
			);
			runOnlyForDeploymentPostprocessing = 0;
		};
		F7F04C892B1A443500438B89 /* Frameworks */ = {
			isa = PBXFrameworksBuildPhase;
			buildActionMask = 2147483647;
			files = (
			);
			runOnlyForDeploymentPostprocessing = 0;
		};
		F7F04C932B1A443500438B89 /* Frameworks */ = {
			isa = PBXFrameworksBuildPhase;
			buildActionMask = 2147483647;
			files = (
			);
			runOnlyForDeploymentPostprocessing = 0;
		};
/* End PBXFrameworksBuildPhase section */

/* Begin PBXGroup section */
		F707ABD32B1CEA4E007933AD /* Views */ = {
			isa = PBXGroup;
			children = (
				F7F04C812B1A443500438B89 /* MeetingView.swift */,
				F7F04CAE2B1A4BA000438B89 /* CardView.swift */,
				F7F04CB02B1A517300438B89 /* TrailingIconLabelStyle.swift */,
				F7F04CB22B1A52E300438B89 /* ScrumsView.swift */,
				F707ABDA2B1CFF9D007933AD /* ScrumProgressViewStyle.swift */,
				F7F04CB42B1A572B00438B89 /* DetailView.swift */,
				F7F04CB62B1A5DB000438B89 /* DetailEditView.swift */,
				F707ABD42B1CEA58007933AD /* ThemeView.swift */,
				F707ABD62B1CEBE6007933AD /* ThemePicker.swift */,
				F707ABD82B1CFAE3007933AD /* MeetingHeaderView.swift */,
				F707ABDE2B1D0202007933AD /* MeetingFooterView.swift */,
			);
			path = Views;
			sourceTree = "<group>";
		};
		F707ABE22B1D0457007933AD /* Resources */ = {
			isa = PBXGroup;
			children = (
				F707ABE32B1D0457007933AD /* ding.wav */,
			);
			path = Resources;
			sourceTree = "<group>";
		};
		F7F04C732B1A443500438B89 = {
			isa = PBXGroup;
			children = (
				F7F04C7E2B1A443500438B89 /* Scrumdinger */,
				F7F04C8F2B1A443500438B89 /* ScrumdingerTests */,
				F7F04C992B1A443500438B89 /* ScrumdingerUITests */,
				F7F04C7D2B1A443500438B89 /* Products */,
			);
			sourceTree = "<group>";
		};
		F7F04C7D2B1A443500438B89 /* Products */ = {
			isa = PBXGroup;
			children = (
				F7F04C7C2B1A443500438B89 /* Scrumdinger.app */,
				F7F04C8C2B1A443500438B89 /* ScrumdingerTests.xctest */,
				F7F04C962B1A443500438B89 /* ScrumdingerUITests.xctest */,
			);
			name = Products;
			sourceTree = "<group>";
		};
		F7F04C7E2B1A443500438B89 /* Scrumdinger */ = {
			isa = PBXGroup;
			children = (
				F707ABE22B1D0457007933AD /* Resources */,
				F7F04CA92B1A489700438B89 /* Models */,
				F7F04C7F2B1A443500438B89 /* ScrumdingerApp.swift */,
				F707ABD32B1CEA4E007933AD /* Views */,
				F7F04C832B1A443500438B89 /* Assets.xcassets */,
				F7F04C852B1A443500438B89 /* Preview Content */,
			);
			path = Scrumdinger;
			sourceTree = "<group>";
		};
		F7F04C852B1A443500438B89 /* Preview Content */ = {
			isa = PBXGroup;
			children = (
				F7F04C862B1A443500438B89 /* Preview Assets.xcassets */,
			);
			path = "Preview Content";
			sourceTree = "<group>";
		};
		F7F04C8F2B1A443500438B89 /* ScrumdingerTests */ = {
			isa = PBXGroup;
			children = (
				F7F04C902B1A443500438B89 /* ScrumdingerTests.swift */,
			);
			path = ScrumdingerTests;
			sourceTree = "<group>";
		};
		F7F04C992B1A443500438B89 /* ScrumdingerUITests */ = {
			isa = PBXGroup;
			children = (
				F7F04C9A2B1A443500438B89 /* ScrumdingerUITests.swift */,
				F7F04C9C2B1A443500438B89 /* ScrumdingerUITestsLaunchTests.swift */,
			);
			path = ScrumdingerUITests;
			sourceTree = "<group>";
		};
		F7F04CA92B1A489700438B89 /* Models */ = {
			isa = PBXGroup;
			children = (
				F7F04CAA2B1A48B100438B89 /* Theme.swift */,
				F707ABE02B1D0446007933AD /* AVPlayer+Ding.swift */,
				F707ABDC2B1D0090007933AD /* ScrumTimer.swift */,
				F7F04CAC2B1A4AC800438B89 /* DailyScrum.swift */,
			);
			path = Models;
			sourceTree = "<group>";
		};
/* End PBXGroup section */

/* Begin PBXNativeTarget section */
		F7F04C7B2B1A443500438B89 /* Scrumdinger */ = {
			isa = PBXNativeTarget;
			buildConfigurationList = F7F04CA02B1A443500438B89 /* Build configuration list for PBXNativeTarget "Scrumdinger" */;
			buildPhases = (
				F7F04C782B1A443500438B89 /* Sources */,
				F7F04C792B1A443500438B89 /* Frameworks */,
				F7F04C7A2B1A443500438B89 /* Resources */,
			);
			buildRules = (
			);
			dependencies = (
			);
			name = Scrumdinger;
			productName = Scrumdinger;
			productReference = F7F04C7C2B1A443500438B89 /* Scrumdinger.app */;
			productType = "com.apple.product-type.application";
		};
		F7F04C8B2B1A443500438B89 /* ScrumdingerTests */ = {
			isa = PBXNativeTarget;
			buildConfigurationList = F7F04CA32B1A443500438B89 /* Build configuration list for PBXNativeTarget "ScrumdingerTests" */;
			buildPhases = (
				F7F04C882B1A443500438B89 /* Sources */,
				F7F04C892B1A443500438B89 /* Frameworks */,
				F7F04C8A2B1A443500438B89 /* Resources */,
			);
			buildRules = (
			);
			dependencies = (
				F7F04C8E2B1A443500438B89 /* PBXTargetDependency */,
			);
			name = ScrumdingerTests;
			productName = ScrumdingerTests;
			productReference = F7F04C8C2B1A443500438B89 /* ScrumdingerTests.xctest */;
			productType = "com.apple.product-type.bundle.unit-test";
		};
		F7F04C952B1A443500438B89 /* ScrumdingerUITests */ = {
			isa = PBXNativeTarget;
			buildConfigurationList = F7F04CA62B1A443500438B89 /* Build configuration list for PBXNativeTarget "ScrumdingerUITests" */;
			buildPhases = (
				F7F04C922B1A443500438B89 /* Sources */,
				F7F04C932B1A443500438B89 /* Frameworks */,
				F7F04C942B1A443500438B89 /* Resources */,
			);
			buildRules = (
			);
			dependencies = (
				F7F04C982B1A443500438B89 /* PBXTargetDependency */,
			);
			name = ScrumdingerUITests;
			productName = ScrumdingerUITests;
			productReference = F7F04C962B1A443500438B89 /* ScrumdingerUITests.xctest */;
			productType = "com.apple.product-type.bundle.ui-testing";
		};
/* End PBXNativeTarget section */

/* Begin PBXProject section */
		F7F04C742B1A443500438B89 /* Project object */ = {
			isa = PBXProject;
			attributes = {
				BuildIndependentTargetsInParallel = 1;
				LastSwiftUpdateCheck = 1500;
				LastUpgradeCheck = 1500;
				TargetAttributes = {
					F7F04C7B2B1A443500438B89 = {
						CreatedOnToolsVersion = 15.0.1;
					};
					F7F04C8B2B1A443500438B89 = {
						CreatedOnToolsVersion = 15.0.1;
						TestTargetID = F7F04C7B2B1A443500438B89;
					};
					F7F04C952B1A443500438B89 = {
						CreatedOnToolsVersion = 15.0.1;
						TestTargetID = F7F04C7B2B1A443500438B89;
					};
				};
			};
			buildConfigurationList = F7F04C772B1A443500438B89 /* Build configuration list for PBXProject "Scrumdinger" */;
			compatibilityVersion = "Xcode 14.0";
			developmentRegion = en;
			hasScannedForEncodings = 0;
			knownRegions = (
				en,
				Base,
			);
			mainGroup = F7F04C732B1A443500438B89;
			productRefGroup = F7F04C7D2B1A443500438B89 /* Products */;
			projectDirPath = "";
			projectRoot = "";
			targets = (
				F7F04C7B2B1A443500438B89 /* Scrumdinger */,
				F7F04C8B2B1A443500438B89 /* ScrumdingerTests */,
				F7F04C952B1A443500438B89 /* ScrumdingerUITests */,
			);
		};
/* End PBXProject section */

/* Begin PBXResourcesBuildPhase section */
		F7F04C7A2B1A443500438B89 /* Resources */ = {
			isa = PBXResourcesBuildPhase;
			buildActionMask = 2147483647;
			files = (
				F707ABE42B1D0457007933AD /* ding.wav in Resources */,
				F7F04C872B1A443500438B89 /* Preview Assets.xcassets in Resources */,
				F7F04C842B1A443500438B89 /* Assets.xcassets in Resources */,
			);
			runOnlyForDeploymentPostprocessing = 0;
		};
		F7F04C8A2B1A443500438B89 /* Resources */ = {
			isa = PBXResourcesBuildPhase;
			buildActionMask = 2147483647;
			files = (
			);
			runOnlyForDeploymentPostprocessing = 0;
		};
		F7F04C942B1A443500438B89 /* Resources */ = {
			isa = PBXResourcesBuildPhase;
			buildActionMask = 2147483647;
			files = (
			);
			runOnlyForDeploymentPostprocessing = 0;
		};
/* End PBXResourcesBuildPhase section */

/* Begin PBXSourcesBuildPhase section */
		F7F04C782B1A443500438B89 /* Sources */ = {
			isa = PBXSourcesBuildPhase;
			buildActionMask = 2147483647;
			files = (
				F707ABD72B1CEBE6007933AD /* ThemePicker.swift in Sources */,
				F707ABDB2B1CFF9D007933AD /* ScrumProgressViewStyle.swift in Sources */,
				F707ABDF2B1D0202007933AD /* MeetingFooterView.swift in Sources */,
				F707ABDD2B1D0090007933AD /* ScrumTimer.swift in Sources */,
				F7F04CAD2B1A4AC800438B89 /* DailyScrum.swift in Sources */,
				F7F04CB52B1A572B00438B89 /* DetailView.swift in Sources */,
				F707ABD92B1CFAE3007933AD /* MeetingHeaderView.swift in Sources */,
				F7F04CB72B1A5DB000438B89 /* DetailEditView.swift in Sources */,
				F7F04CB12B1A517300438B89 /* TrailingIconLabelStyle.swift in Sources */,
				F7F04CAB2B1A48B100438B89 /* Theme.swift in Sources */,
				F7F04CB32B1A52E300438B89 /* ScrumsView.swift in Sources */,
				F7F04C822B1A443500438B89 /* MeetingView.swift in Sources */,
				F7F04C802B1A443500438B89 /* ScrumdingerApp.swift in Sources */,
				F707ABD52B1CEA58007933AD /* ThemeView.swift in Sources */,
				F7F04CAF2B1A4BA000438B89 /* CardView.swift in Sources */,
				F707ABE12B1D0446007933AD /* AVPlayer+Ding.swift in Sources */,
			);
			runOnlyForDeploymentPostprocessing = 0;
		};
		F7F04C882B1A443500438B89 /* Sources */ = {
			isa = PBXSourcesBuildPhase;
			buildActionMask = 2147483647;
			files = (
				F7F04C912B1A443500438B89 /* ScrumdingerTests.swift in Sources */,
			);
			runOnlyForDeploymentPostprocessing = 0;
		};
		F7F04C922B1A443500438B89 /* Sources */ = {
			isa = PBXSourcesBuildPhase;
			buildActionMask = 2147483647;
			files = (
				F7F04C9D2B1A443500438B89 /* ScrumdingerUITestsLaunchTests.swift in Sources */,
				F7F04C9B2B1A443500438B89 /* ScrumdingerUITests.swift in Sources */,
			);
			runOnlyForDeploymentPostprocessing = 0;
		};
/* End PBXSourcesBuildPhase section */

/* Begin PBXTargetDependency section */
		F7F04C8E2B1A443500438B89 /* PBXTargetDependency */ = {
			isa = PBXTargetDependency;
			target = F7F04C7B2B1A443500438B89 /* Scrumdinger */;
			targetProxy = F7F04C8D2B1A443500438B89 /* PBXContainerItemProxy */;
		};
		F7F04C982B1A443500438B89 /* PBXTargetDependency */ = {
			isa = PBXTargetDependency;
			target = F7F04C7B2B1A443500438B89 /* Scrumdinger */;
			targetProxy = F7F04C972B1A443500438B89 /* PBXContainerItemProxy */;
		};
/* End PBXTargetDependency section */

/* Begin XCBuildConfiguration section */
		F7F04C9E2B1A443500438B89 /* Debug */ = {
			isa = XCBuildConfiguration;
			buildSettings = {
				ALWAYS_SEARCH_USER_PATHS = NO;
				ASSETCATALOG_COMPILER_GENERATE_SWIFT_ASSET_SYMBOL_EXTENSIONS = YES;
				CLANG_ANALYZER_NONNULL = YES;
				CLANG_ANALYZER_NUMBER_OBJECT_CONVERSION = YES_AGGRESSIVE;
				CLANG_CXX_LANGUAGE_STANDARD = "gnu++20";
				CLANG_ENABLE_MODULES = YES;
				CLANG_ENABLE_OBJC_ARC = YES;
				CLANG_ENABLE_OBJC_WEAK = YES;
				CLANG_WARN_BLOCK_CAPTURE_AUTORELEASING = YES;
				CLANG_WARN_BOOL_CONVERSION = YES;
				CLANG_WARN_COMMA = YES;
				CLANG_WARN_CONSTANT_CONVERSION = YES;
				CLANG_WARN_DEPRECATED_OBJC_IMPLEMENTATIONS = YES;
				CLANG_WARN_DIRECT_OBJC_ISA_USAGE = YES_ERROR;
				CLANG_WARN_DOCUMENTATION_COMMENTS = YES;
				CLANG_WARN_EMPTY_BODY = YES;
				CLANG_WARN_ENUM_CONVERSION = YES;
				CLANG_WARN_INFINITE_RECURSION = YES;
				CLANG_WARN_INT_CONVERSION = YES;
				CLANG_WARN_NON_LITERAL_NULL_CONVERSION = YES;
				CLANG_WARN_OBJC_IMPLICIT_RETAIN_SELF = YES;
				CLANG_WARN_OBJC_LITERAL_CONVERSION = YES;
				CLANG_WARN_OBJC_ROOT_CLASS = YES_ERROR;
				CLANG_WARN_QUOTED_INCLUDE_IN_FRAMEWORK_HEADER = YES;
				CLANG_WARN_RANGE_LOOP_ANALYSIS = YES;
				CLANG_WARN_STRICT_PROTOTYPES = YES;
				CLANG_WARN_SUSPICIOUS_MOVE = YES;
				CLANG_WARN_UNGUARDED_AVAILABILITY = YES_AGGRESSIVE;
				CLANG_WARN_UNREACHABLE_CODE = YES;
				CLANG_WARN__DUPLICATE_METHOD_MATCH = YES;
				COPY_PHASE_STRIP = NO;
				DEBUG_INFORMATION_FORMAT = dwarf;
				ENABLE_STRICT_OBJC_MSGSEND = YES;
				ENABLE_TESTABILITY = YES;
				ENABLE_USER_SCRIPT_SANDBOXING = YES;
				GCC_C_LANGUAGE_STANDARD = gnu17;
				GCC_DYNAMIC_NO_PIC = NO;
				GCC_NO_COMMON_BLOCKS = YES;
				GCC_OPTIMIZATION_LEVEL = 0;
				GCC_PREPROCESSOR_DEFINITIONS = (
					"DEBUG=1",
					"$(inherited)",
				);
				GCC_WARN_64_TO_32_BIT_CONVERSION = YES;
				GCC_WARN_ABOUT_RETURN_TYPE = YES_ERROR;
				GCC_WARN_UNDECLARED_SELECTOR = YES;
				GCC_WARN_UNINITIALIZED_AUTOS = YES_AGGRESSIVE;
				GCC_WARN_UNUSED_FUNCTION = YES;
				GCC_WARN_UNUSED_VARIABLE = YES;
				IPHONEOS_DEPLOYMENT_TARGET = 17.0;
				LOCALIZATION_PREFERS_STRING_CATALOGS = YES;
				MTL_ENABLE_DEBUG_INFO = INCLUDE_SOURCE;
				MTL_FAST_MATH = YES;
				ONLY_ACTIVE_ARCH = YES;
				SDKROOT = iphoneos;
				SWIFT_ACTIVE_COMPILATION_CONDITIONS = "DEBUG $(inherited)";
				SWIFT_OPTIMIZATION_LEVEL = "-Onone";
			};
			name = Debug;
		};
		F7F04C9F2B1A443500438B89 /* Release */ = {
			isa = XCBuildConfiguration;
			buildSettings = {
				ALWAYS_SEARCH_USER_PATHS = NO;
				ASSETCATALOG_COMPILER_GENERATE_SWIFT_ASSET_SYMBOL_EXTENSIONS = YES;
				CLANG_ANALYZER_NONNULL = YES;
				CLANG_ANALYZER_NUMBER_OBJECT_CONVERSION = YES_AGGRESSIVE;
				CLANG_CXX_LANGUAGE_STANDARD = "gnu++20";
				CLANG_ENABLE_MODULES = YES;
				CLANG_ENABLE_OBJC_ARC = YES;
				CLANG_ENABLE_OBJC_WEAK = YES;
				CLANG_WARN_BLOCK_CAPTURE_AUTORELEASING = YES;
				CLANG_WARN_BOOL_CONVERSION = YES;
				CLANG_WARN_COMMA = YES;
				CLANG_WARN_CONSTANT_CONVERSION = YES;
				CLANG_WARN_DEPRECATED_OBJC_IMPLEMENTATIONS = YES;
				CLANG_WARN_DIRECT_OBJC_ISA_USAGE = YES_ERROR;
				CLANG_WARN_DOCUMENTATION_COMMENTS = YES;
				CLANG_WARN_EMPTY_BODY = YES;
				CLANG_WARN_ENUM_CONVERSION = YES;
				CLANG_WARN_INFINITE_RECURSION = YES;
				CLANG_WARN_INT_CONVERSION = YES;
				CLANG_WARN_NON_LITERAL_NULL_CONVERSION = YES;
				CLANG_WARN_OBJC_IMPLICIT_RETAIN_SELF = YES;
				CLANG_WARN_OBJC_LITERAL_CONVERSION = YES;
				CLANG_WARN_OBJC_ROOT_CLASS = YES_ERROR;
				CLANG_WARN_QUOTED_INCLUDE_IN_FRAMEWORK_HEADER = YES;
				CLANG_WARN_RANGE_LOOP_ANALYSIS = YES;
				CLANG_WARN_STRICT_PROTOTYPES = YES;
				CLANG_WARN_SUSPICIOUS_MOVE = YES;
				CLANG_WARN_UNGUARDED_AVAILABILITY = YES_AGGRESSIVE;
				CLANG_WARN_UNREACHABLE_CODE = YES;
				CLANG_WARN__DUPLICATE_METHOD_MATCH = YES;
				COPY_PHASE_STRIP = NO;
				DEBUG_INFORMATION_FORMAT = "dwarf-with-dsym";
				ENABLE_NS_ASSERTIONS = NO;
				ENABLE_STRICT_OBJC_MSGSEND = YES;
				ENABLE_USER_SCRIPT_SANDBOXING = YES;
				GCC_C_LANGUAGE_STANDARD = gnu17;
				GCC_NO_COMMON_BLOCKS = YES;
				GCC_WARN_64_TO_32_BIT_CONVERSION = YES;
				GCC_WARN_ABOUT_RETURN_TYPE = YES_ERROR;
				GCC_WARN_UNDECLARED_SELECTOR = YES;
				GCC_WARN_UNINITIALIZED_AUTOS = YES_AGGRESSIVE;
				GCC_WARN_UNUSED_FUNCTION = YES;
				GCC_WARN_UNUSED_VARIABLE = YES;
				IPHONEOS_DEPLOYMENT_TARGET = 17.0;
				LOCALIZATION_PREFERS_STRING_CATALOGS = YES;
				MTL_ENABLE_DEBUG_INFO = NO;
				MTL_FAST_MATH = YES;
				SDKROOT = iphoneos;
				SWIFT_COMPILATION_MODE = wholemodule;
				VALIDATE_PRODUCT = YES;
			};
			name = Release;
		};
		F7F04CA12B1A443500438B89 /* Debug */ = {
			isa = XCBuildConfiguration;
			buildSettings = {
				ASSETCATALOG_COMPILER_APPICON_NAME = AppIcon;
				ASSETCATALOG_COMPILER_GLOBAL_ACCENT_COLOR_NAME = AccentColor;
				CODE_SIGN_STYLE = Automatic;
				CURRENT_PROJECT_VERSION = 1;
				DEVELOPMENT_ASSET_PATHS = "\"Scrumdinger/Preview Content\"";
				DEVELOPMENT_TEAM = N4M5PL4DJK;
				ENABLE_PREVIEWS = YES;
				GENERATE_INFOPLIST_FILE = YES;
				INFOPLIST_KEY_UIApplicationSceneManifest_Generation = YES;
				INFOPLIST_KEY_UIApplicationSupportsIndirectInputEvents = YES;
				INFOPLIST_KEY_UILaunchScreen_Generation = YES;
				INFOPLIST_KEY_UISupportedInterfaceOrientations_iPad = "UIInterfaceOrientationPortrait UIInterfaceOrientationPortraitUpsideDown UIInterfaceOrientationLandscapeLeft UIInterfaceOrientationLandscapeRight";
				INFOPLIST_KEY_UISupportedInterfaceOrientations_iPhone = "UIInterfaceOrientationPortrait UIInterfaceOrientationLandscapeLeft UIInterfaceOrientationLandscapeRight";
				LD_RUNPATH_SEARCH_PATHS = (
					"$(inherited)",
					"@executable_path/Frameworks",
				);
				MARKETING_VERSION = 1.0;
				PRODUCT_BUNDLE_IDENTIFIER = com.demo.Scrumdinger;
				PRODUCT_NAME = "$(TARGET_NAME)";
				SWIFT_EMIT_LOC_STRINGS = YES;
				SWIFT_VERSION = 5.0;
				TARGETED_DEVICE_FAMILY = "1,2";
			};
			name = Debug;
		};
		F7F04CA22B1A443500438B89 /* Release */ = {
			isa = XCBuildConfiguration;
			buildSettings = {
				ASSETCATALOG_COMPILER_APPICON_NAME = AppIcon;
				ASSETCATALOG_COMPILER_GLOBAL_ACCENT_COLOR_NAME = AccentColor;
				CODE_SIGN_STYLE = Automatic;
				CURRENT_PROJECT_VERSION = 1;
				DEVELOPMENT_ASSET_PATHS = "\"Scrumdinger/Preview Content\"";
				DEVELOPMENT_TEAM = N4M5PL4DJK;
				ENABLE_PREVIEWS = YES;
				GENERATE_INFOPLIST_FILE = YES;
				INFOPLIST_KEY_UIApplicationSceneManifest_Generation = YES;
				INFOPLIST_KEY_UIApplicationSupportsIndirectInputEvents = YES;
				INFOPLIST_KEY_UILaunchScreen_Generation = YES;
				INFOPLIST_KEY_UISupportedInterfaceOrientations_iPad = "UIInterfaceOrientationPortrait UIInterfaceOrientationPortraitUpsideDown UIInterfaceOrientationLandscapeLeft UIInterfaceOrientationLandscapeRight";
				INFOPLIST_KEY_UISupportedInterfaceOrientations_iPhone = "UIInterfaceOrientationPortrait UIInterfaceOrientationLandscapeLeft UIInterfaceOrientationLandscapeRight";
				LD_RUNPATH_SEARCH_PATHS = (
					"$(inherited)",
					"@executable_path/Frameworks",
				);
				MARKETING_VERSION = 1.0;
				PRODUCT_BUNDLE_IDENTIFIER = com.demo.Scrumdinger;
				PRODUCT_NAME = "$(TARGET_NAME)";
				SWIFT_EMIT_LOC_STRINGS = YES;
				SWIFT_VERSION = 5.0;
				TARGETED_DEVICE_FAMILY = "1,2";
			};
			name = Release;
		};
		F7F04CA42B1A443500438B89 /* Debug */ = {
			isa = XCBuildConfiguration;
			buildSettings = {
				ALWAYS_EMBED_SWIFT_STANDARD_LIBRARIES = YES;
				BUNDLE_LOADER = "$(TEST_HOST)";
				CODE_SIGN_STYLE = Automatic;
				CURRENT_PROJECT_VERSION = 1;
				DEVELOPMENT_TEAM = N4M5PL4DJK;
				GENERATE_INFOPLIST_FILE = YES;
				IPHONEOS_DEPLOYMENT_TARGET = 17.0;
				MARKETING_VERSION = 1.0;
				PRODUCT_BUNDLE_IDENTIFIER = com.demo.ScrumdingerTests;
				PRODUCT_NAME = "$(TARGET_NAME)";
				SWIFT_EMIT_LOC_STRINGS = NO;
				SWIFT_VERSION = 5.0;
				TARGETED_DEVICE_FAMILY = "1,2";
				TEST_HOST = "$(BUILT_PRODUCTS_DIR)/Scrumdinger.app/$(BUNDLE_EXECUTABLE_FOLDER_PATH)/Scrumdinger";
			};
			name = Debug;
		};
		F7F04CA52B1A443500438B89 /* Release */ = {
			isa = XCBuildConfiguration;
			buildSettings = {
				ALWAYS_EMBED_SWIFT_STANDARD_LIBRARIES = YES;
				BUNDLE_LOADER = "$(TEST_HOST)";
				CODE_SIGN_STYLE = Automatic;
				CURRENT_PROJECT_VERSION = 1;
				DEVELOPMENT_TEAM = N4M5PL4DJK;
				GENERATE_INFOPLIST_FILE = YES;
				IPHONEOS_DEPLOYMENT_TARGET = 17.0;
				MARKETING_VERSION = 1.0;
				PRODUCT_BUNDLE_IDENTIFIER = com.demo.ScrumdingerTests;
				PRODUCT_NAME = "$(TARGET_NAME)";
				SWIFT_EMIT_LOC_STRINGS = NO;
				SWIFT_VERSION = 5.0;
				TARGETED_DEVICE_FAMILY = "1,2";
				TEST_HOST = "$(BUILT_PRODUCTS_DIR)/Scrumdinger.app/$(BUNDLE_EXECUTABLE_FOLDER_PATH)/Scrumdinger";
			};
			name = Release;
		};
		F7F04CA72B1A443500438B89 /* Debug */ = {
			isa = XCBuildConfiguration;
			buildSettings = {
				ALWAYS_EMBED_SWIFT_STANDARD_LIBRARIES = YES;
				CODE_SIGN_STYLE = Automatic;
				CURRENT_PROJECT_VERSION = 1;
				DEVELOPMENT_TEAM = N4M5PL4DJK;
				GENERATE_INFOPLIST_FILE = YES;
				MARKETING_VERSION = 1.0;
				PRODUCT_BUNDLE_IDENTIFIER = com.demo.ScrumdingerUITests;
				PRODUCT_NAME = "$(TARGET_NAME)";
				SWIFT_EMIT_LOC_STRINGS = NO;
				SWIFT_VERSION = 5.0;
				TARGETED_DEVICE_FAMILY = "1,2";
				TEST_TARGET_NAME = Scrumdinger;
			};
			name = Debug;
		};
		F7F04CA82B1A443500438B89 /* Release */ = {
			isa = XCBuildConfiguration;
			buildSettings = {
				ALWAYS_EMBED_SWIFT_STANDARD_LIBRARIES = YES;
				CODE_SIGN_STYLE = Automatic;
				CURRENT_PROJECT_VERSION = 1;
				DEVELOPMENT_TEAM = N4M5PL4DJK;
				GENERATE_INFOPLIST_FILE = YES;
				MARKETING_VERSION = 1.0;
				PRODUCT_BUNDLE_IDENTIFIER = com.demo.ScrumdingerUITests;
				PRODUCT_NAME = "$(TARGET_NAME)";
				SWIFT_EMIT_LOC_STRINGS = NO;
				SWIFT_VERSION = 5.0;
				TARGETED_DEVICE_FAMILY = "1,2";
				TEST_TARGET_NAME = Scrumdinger;
			};
			name = Release;
		};
/* End XCBuildConfiguration section */

/* Begin XCConfigurationList section */
		F7F04C772B1A443500438B89 /* Build configuration list for PBXProject "Scrumdinger" */ = {
			isa = XCConfigurationList;
			buildConfigurations = (
				F7F04C9E2B1A443500438B89 /* Debug */,
				F7F04C9F2B1A443500438B89 /* Release */,
			);
			defaultConfigurationIsVisible = 0;
			defaultConfigurationName = Release;
		};
		F7F04CA02B1A443500438B89 /* Build configuration list for PBXNativeTarget "Scrumdinger" */ = {
			isa = XCConfigurationList;
			buildConfigurations = (
				F7F04CA12B1A443500438B89 /* Debug */,
				F7F04CA22B1A443500438B89 /* Release */,
			);
			defaultConfigurationIsVisible = 0;
			defaultConfigurationName = Release;
		};
		F7F04CA32B1A443500438B89 /* Build configuration list for PBXNativeTarget "ScrumdingerTests" */ = {
			isa = XCConfigurationList;
			buildConfigurations = (
				F7F04CA42B1A443500438B89 /* Debug */,
				F7F04CA52B1A443500438B89 /* Release */,
			);
			defaultConfigurationIsVisible = 0;
			defaultConfigurationName = Release;
		};
		F7F04CA62B1A443500438B89 /* Build configuration list for PBXNativeTarget "ScrumdingerUITests" */ = {
			isa = XCConfigurationList;
			buildConfigurations = (
				F7F04CA72B1A443500438B89 /* Debug */,
				F7F04CA82B1A443500438B89 /* Release */,
			);
			defaultConfigurationIsVisible = 0;
			defaultConfigurationName = Release;
		};
/* End XCConfigurationList section */
	};
	rootObject = F7F04C742B1A443500438B89 /* Project object */;
}
